Microsoft Visual Studio Solution File, Format Version 11.00
# Visual Studio 2010
Project("{FAE04EC0-301F-11D3-BF4B-00C04F79EFBC}") = "Assembly-CSharp", "Assembly-CSharp.csproj", "{AEE5EB17-5F63-BEDC-6A59-28D80866C634}"
EndProject
Project("{FAE04EC0-301F-11D3-BF4B-00C04F79EFBC}") = "Assembly-CSharp-Editor", "Assembly-CSharp-Editor.csproj", "{8F923CD9-997C-09F8-0D90-40E851B243B2}"
EndProject
Global
	GlobalSection(SolutionConfigurationPlatforms) = preSolution
		Debug|Any CPU = Debug|Any CPU
		Release|Any CPU = Release|Any CPU
	EndGlobalSection
	GlobalSection(ProjectConfigurationPlatforms) = postSolution
		{AEE5EB17-5F63-BEDC-6A59-28D80866C634}.Debug|Any CPU.ActiveCfg = Debug|Any CPU
		{AEE5EB17-5F63-BEDC-6A59-28D80866C634}.Debug|Any CPU.Build.0 = Debug|Any CPU
		{AEE5EB17-5F63-BEDC-6A59-28D80866C634}.Release|Any CPU.ActiveCfg = Release|Any CPU
		{AEE5EB17-5F63-BEDC-6A59-28D80866C634}.Release|Any CPU.Build.0 = Release|Any CPU
		{8F923CD9-997C-09F8-0D90-40E851B243B2}.Debug|Any CPU.ActiveCfg = Debug|Any CPU
		{8F923CD9-997C-09F8-0D90-40E851B243B2}.Debug|Any CPU.Build.0 = Debug|Any CPU
		{8F923CD9-997C-09F8-0D90-40E851B243B2}.Release|Any CPU.ActiveCfg = Release|Any CPU
		{8F923CD9-997C-09F8-0D90-40E851B243B2}.Release|Any CPU.Build.0 = Release|Any CPU
	EndGlobalSection
	GlobalSection(SolutionProperties) = preSolution
		HideSolutionNode = FALSE
	EndGlobalSection
	GlobalSection(MonoDevelopProperties) = preSolution
		StartupItem = Assembly-CSharp.csproj
	EndGlobalSection
EndGlobal
